
Microsoft Visual Studio Solution File, Format Version 12.00
# Visual Studio Version 17
VisualStudioVersion = 17.7.34031.279
MinimumVisualStudioVersion = 10.0.40219.1
Project("{FAE04EC0-301F-11D3-BF4B-00C04F79EFBC}") = "TodoApp", "TodoApp.csproj", "{EAE48C1A-CDE7-4D80-A5C4-F39008CCF734}"
EndProject
Global
	GlobalSection(SolutionConfigurationPlatforms) = preSolution
		Debug|Any CPU = Debug|Any CPU
		Release|Any CPU = Release|Any CPU
	EndGlobalSection
	GlobalSection(ProjectConfigurationPlatforms) = postSolution
		{EAE48C1A-CDE7-4D80-A5C4-F39008CCF734}.Debug|Any CPU.ActiveCfg = Debug|Any CPU
		{EAE48C1A-CDE7-4D80-A5C4-F39008CCF734}.Debug|Any CPU.Build.0 = Debug|Any CPU
		{EAE48C1A-CDE7-4D80-A5C4-F39008CCF734}.Release|Any CPU.ActiveCfg = Release|Any CPU
		{EAE48C1A-CDE7-4D80-A5C4-F39008CCF734}.Release|Any CPU.Build.0 = Release|Any CPU
	EndGlobalSection
	GlobalSection(SolutionProperties) = preSolution
		HideSolutionNode = FALSE
	EndGlobalSection
	GlobalSection(ExtensibilityGlobals) = postSolution
		SolutionGuid = {D20DA59B-DDA9-480A-9FAF-C2662F7C2457}
	EndGlobalSection
EndGlobal
